
Microsoft Visual Studio Solution File, Format Version 12.00
# Visual Studio Version 17
VisualStudioVersion = 17.2.32505.173
MinimumVisualStudioVersion = 10.0.40219.1
Project("{9A19103F-16F7-4668-BE54-9A1E7A4F7556}") = "ConsoleUI", "ConsoleUI\ConsoleUI.csproj", "{E0C8F982-656E-4164-9780-3E466C38A904}"
EndProject
Project("{9A19103F-16F7-4668-BE54-9A1E7A4F7556}") = "Entities", "Entities\Entities.csproj", "{FA17D6B1-C904-4F5B-9324-B5BB2C036962}"
EndProject
Project("{9A19103F-16F7-4668-BE54-9A1E7A4F7556}") = "Business", "Business\Business.csproj", "{71E2FE9E-3340-4A15-AE11-7EF3F3D46F1F}"
EndProject
Project("{9A19103F-16F7-4668-BE54-9A1E7A4F7556}") = "DataAccess", "DataAccess\DataAccess.csproj", "{7419E774-E803-4545-8466-389D6C8A6AB7}"
EndProject
Project("{FAE04EC0-301F-11D3-BF4B-00C04F79EFBC}") = "Core", "Core\Core.csproj", "{34442C93-6632-462A-9E97-506C70D04387}"
EndProject
Global
	GlobalSection(SolutionConfigurationPlatforms) = preSolution
		Debug|Any CPU = Debug|Any CPU
		Release|Any CPU = Release|Any CPU
	EndGlobalSection
	GlobalSection(ProjectConfigurationPlatforms) = postSolution
		{E0C8F982-656E-4164-9780-3E466C38A904}.Debug|Any CPU.ActiveCfg = Debug|Any CPU
		{E0C8F982-656E-4164-9780-3E466C38A904}.Debug|Any CPU.Build.0 = Debug|Any CPU
		{E0C8F982-656E-4164-9780-3E466C38A904}.Release|Any CPU.ActiveCfg = Release|Any CPU
		{E0C8F982-656E-4164-9780-3E466C38A904}.Release|Any CPU.Build.0 = Release|Any CPU
		{FA17D6B1-C904-4F5B-9324-B5BB2C036962}.Debug|Any CPU.ActiveCfg = Debug|Any CPU
		{FA17D6B1-C904-4F5B-9324-B5BB2C036962}.Debug|Any CPU.Build.0 = Debug|Any CPU
		{FA17D6B1-C904-4F5B-9324-B5BB2C036962}.Release|Any CPU.ActiveCfg = Release|Any CPU
		{FA17D6B1-C904-4F5B-9324-B5BB2C036962}.Release|Any CPU.Build.0 = Release|Any CPU
		{71E2FE9E-3340-4A15-AE11-7EF3F3D46F1F}.Debug|Any CPU.ActiveCfg = Debug|Any CPU
		{71E2FE9E-3340-4A15-AE11-7EF3F3D46F1F}.Debug|Any CPU.Build.0 = Debug|Any CPU
		{71E2FE9E-3340-4A15-AE11-7EF3F3D46F1F}.Release|Any CPU.ActiveCfg = Release|Any CPU
		{71E2FE9E-3340-4A15-AE11-7EF3F3D46F1F}.Release|Any CPU.Build.0 = Release|Any CPU
		{7419E774-E803-4545-8466-389D6C8A6AB7}.Debug|Any CPU.ActiveCfg = Debug|Any CPU
		{7419E774-E803-4545-8466-389D6C8A6AB7}.Debug|Any CPU.Build.0 = Debug|Any CPU
		{7419E774-E803-4545-8466-389D6C8A6AB7}.Release|Any CPU.ActiveCfg = Release|Any CPU
		{7419E774-E803-4545-8466-389D6C8A6AB7}.Release|Any CPU.Build.0 = Release|Any CPU
		{34442C93-6632-462A-9E97-506C70D04387}.Debug|Any CPU.ActiveCfg = Debug|Any CPU
		{34442C93-6632-462A-9E97-506C70D04387}.Debug|Any CPU.Build.0 = Debug|Any CPU
		{34442C93-6632-462A-9E97-506C70D04387}.Release|Any CPU.ActiveCfg = Release|Any CPU
		{34442C93-6632-462A-9E97-506C70D04387}.Release|Any CPU.Build.0 = Release|Any CPU
	EndGlobalSection
	GlobalSection(SolutionProperties) = preSolution
		HideSolutionNode = FALSE
	EndGlobalSection
	GlobalSection(ExtensibilityGlobals) = postSolution
		SolutionGuid = {F9DFEB4F-D066-44F8-A547-F2899D95883D}
	EndGlobalSection
EndGlobal
